
Microsoft Visual Studio Solution File, Format Version 12.00
# Visual Studio Version 17
VisualStudioVersion = 17.1.32210.238
MinimumVisualStudioVersion = 10.0.40219.1
Project("{FAE04EC0-301F-11D3-BF4B-00C04F79EFBC}") = "Jquery_Basics-1", "Jquery_Basics-1\Jquery_Basics-1.csproj", "{E88C798A-0116-44D4-A198-E25C4973E627}"
EndProject
Global
	GlobalSection(SolutionConfigurationPlatforms) = preSolution
		Debug|Any CPU = Debug|Any CPU
		Release|Any CPU = Release|Any CPU
	EndGlobalSection
	GlobalSection(ProjectConfigurationPlatforms) = postSolution
		{E88C798A-0116-44D4-A198-E25C4973E627}.Debug|Any CPU.ActiveCfg = Debug|Any CPU
		{E88C798A-0116-44D4-A198-E25C4973E627}.Debug|Any CPU.Build.0 = Debug|Any CPU
		{E88C798A-0116-44D4-A198-E25C4973E627}.Release|Any CPU.ActiveCfg = Release|Any CPU
		{E88C798A-0116-44D4-A198-E25C4973E627}.Release|Any CPU.Build.0 = Release|Any CPU
	EndGlobalSection
	GlobalSection(SolutionProperties) = preSolution
		HideSolutionNode = FALSE
	EndGlobalSection
	GlobalSection(ExtensibilityGlobals) = postSolution
		SolutionGuid = {F7D31DE0-240E-40DA-AAFF-AC19672CC1DF}
	EndGlobalSection
EndGlobal
